
Microsoft Visual Studio Solution File, Format Version 12.00
# Visual Studio 15
VisualStudioVersion = 15.0.28307.329
MinimumVisualStudioVersion = 10.0.40219.1
Project("{FAE04EC0-301F-11D3-BF4B-00C04F79EFBC}") = "FizzBuzz", "FizzBuzz\FizzBuzz.csproj", "{CF8BEDFA-ACC4-4294-9A5C-92BC93ADB4FE}"
EndProject
Global
	GlobalSection(SolutionConfigurationPlatforms) = preSolution
		Debug|Any CPU = Debug|Any CPU
		Release|Any CPU = Release|Any CPU
	EndGlobalSection
	GlobalSection(ProjectConfigurationPlatforms) = postSolution
		{CF8BEDFA-ACC4-4294-9A5C-92BC93ADB4FE}.Debug|Any CPU.ActiveCfg = Debug|Any CPU
		{CF8BEDFA-ACC4-4294-9A5C-92BC93ADB4FE}.Debug|Any CPU.Build.0 = Debug|Any CPU
		{CF8BEDFA-ACC4-4294-9A5C-92BC93ADB4FE}.Release|Any CPU.ActiveCfg = Release|Any CPU
		{CF8BEDFA-ACC4-4294-9A5C-92BC93ADB4FE}.Release|Any CPU.Build.0 = Release|Any CPU
	EndGlobalSection
	GlobalSection(SolutionProperties) = preSolution
		HideSolutionNode = FALSE
	EndGlobalSection
	GlobalSection(ExtensibilityGlobals) = postSolution
		SolutionGuid = {80BF5C85-1889-47B9-BAD9-A2E32881BA8D}
	EndGlobalSection
EndGlobal
